
Microsoft Visual Studio Solution File, Format Version 12.00
# Visual Studio 2012
Project("{FAE04EC0-301F-11D3-BF4B-00C04F79EFBC}") = "Yahoo_Finance_Crawler", "Yahoo_Finance_Crawler\Yahoo_Finance_Crawler.csproj", "{3550A555-768E-4357-98DD-99F818C16832}"
EndProject
Global
	GlobalSection(SolutionConfigurationPlatforms) = preSolution
		Debug|Any CPU = Debug|Any CPU
		Release|Any CPU = Release|Any CPU
	EndGlobalSection
	GlobalSection(ProjectConfigurationPlatforms) = postSolution
		{3550A555-768E-4357-98DD-99F818C16832}.Debug|Any CPU.ActiveCfg = Debug|Any CPU
		{3550A555-768E-4357-98DD-99F818C16832}.Debug|Any CPU.Build.0 = Debug|Any CPU
		{3550A555-768E-4357-98DD-99F818C16832}.Release|Any CPU.ActiveCfg = Release|Any CPU
		{3550A555-768E-4357-98DD-99F818C16832}.Release|Any CPU.Build.0 = Release|Any CPU
	EndGlobalSection
	GlobalSection(SolutionProperties) = preSolution
		HideSolutionNode = FALSE
	EndGlobalSection
EndGlobal
